PODS:
  - FlutterMacOS (1.0.0)
  - screen_retriever (0.0.1):
    - FlutterMacOS
  - videosdk (0.0.1):
    - FlutterMacOS
  - videosdk_webrtc (0.0.17):
    - FlutterMacOS
    - WebRTC-SDK (= 137.7151.04)
  - WebRTC-SDK (137.7151.04)
  - window_manager (0.2.0):
    - FlutterMacOS

DEPENDENCIES:
  - FlutterMacOS (from `Flutter/ephemeral`)
  - screen_retriever (from `Flutter/ephemeral/.symlinks/plugins/screen_retriever/macos`)
  - videosdk (from `Flutter/ephemeral/.symlinks/plugins/videosdk/macos`)
  - videosdk_webrtc (from `Flutter/ephemeral/.symlinks/plugins/videosdk_webrtc/macos`)
  - window_manager (from `Flutter/ephemeral/.symlinks/plugins/window_manager/macos`)

SPEC REPOS:
  trunk:
    - WebRTC-SDK

EXTERNAL SOURCES:
  FlutterMacOS:
    :path: Flutter/ephemeral
  screen_retriever:
    :path: Flutter/ephemeral/.symlinks/plugins/screen_retriever/macos
  videosdk:
    :path: Flutter/ephemeral/.symlinks/plugins/videosdk/macos
  videosdk_webrtc:
    :path: Flutter/ephemeral/.symlinks/plugins/videosdk_webrtc/macos
  window_manager:
    :path: Flutter/ephemeral/.symlinks/plugins/window_manager/macos

SPEC CHECKSUMS:
  FlutterMacOS: d0db08ddef1a9af05a5ec4b724367152bb0500b1
  screen_retriever: 4f97c103641aab8ce183fa5af3b87029df167936
  videosdk: 1791c7b58cd6118da35a29d95cf74f2495fa15fd
  videosdk_webrtc: 180078f3d8c4ff9a994fef95e6f65dd3042ac195
  WebRTC-SDK: 40d4f5ba05cadff14e4db5614aec402a633f007e
  window_manager: 1d01fa7ac65a6e6f83b965471b1a7fdd3f06166c

PODFILE CHECKSUM: d7d238662d45b0a21bd2a53944dc8520b8acb775

COCOAPODS: 1.17.0
