PODS:
  - camera_avfoundation (0.0.1):
    - Flutter
  - Flutter (1.0.0)
  - flutter_foreground_task (0.0.1):
    - Flutter
  - flutter_webrtc (0.9.4):
    - Flutter
    - WebRTC-SDK (= 104.5112.02)
  - fluttertoast (0.0.2):
    - Flutter
    - Toast
  - path_provider_ios (0.0.1):
    - Flutter
  - shared_preferences_ios (0.0.1):
    - Flutter
  - Toast (4.0.0)
  - touch_ripple_effect (0.0.1):
    - Flutter
  - videosdk (0.0.1):
    - Flutter
  - WebRTC-SDK (104.5112.02)

DEPENDENCIES:
  - camera_avfoundation (from `.symlinks/plugins/camera_avfoundation/ios`)
  - Flutter (from `Flutter`)
  - flutter_foreground_task (from `.symlinks/plugins/flutter_foreground_task/ios`)
  - flutter_webrtc (from `.symlinks/plugins/flutter_webrtc/ios`)
  - fluttertoast (from `.symlinks/plugins/fluttertoast/ios`)
  - path_provider_ios (from `.symlinks/plugins/path_provider_ios/ios`)
  - shared_preferences_ios (from `.symlinks/plugins/shared_preferences_ios/ios`)
  - touch_ripple_effect (from `.symlinks/plugins/touch_ripple_effect/ios`)
  - videosdk (from `.symlinks/plugins/videosdk/ios`)

SPEC REPOS:
  trunk:
    - Toast
    - WebRTC-SDK

EXTERNAL SOURCES:
  camera_avfoundation:
    :path: ".symlinks/plugins/camera_avfoundation/ios"
  Flutter:
    :path: Flutter
  flutter_foreground_task:
    :path: ".symlinks/plugins/flutter_foreground_task/ios"
  flutter_webrtc:
    :path: ".symlinks/plugins/flutter_webrtc/ios"
  fluttertoast:
    :path: ".symlinks/plugins/fluttertoast/ios"
  path_provider_ios:
    :path: ".symlinks/plugins/path_provider_ios/ios"
  shared_preferences_ios:
    :path: ".symlinks/plugins/shared_preferences_ios/ios"
  touch_ripple_effect:
    :path: ".symlinks/plugins/touch_ripple_effect/ios"
  videosdk:
    :path: ".symlinks/plugins/videosdk/ios"

SPEC CHECKSUMS:
  camera_avfoundation: 07c77549ea54ad95d8581be86617c094a46280d9
  Flutter: f04841e97a9d0b0a8025694d0796dd46242b2854
  flutter_foreground_task: 21ef182ab0a29a3005cc72cd70e5f45cb7f7f817
  flutter_webrtc: aa130dfe1eca6625c2e2e51ce830abb495bdb06e
  fluttertoast: 16fbe6039d06a763f3533670197d01fc73459037
  path_provider_ios: 14f3d2fd28c4fdb42f44e0f751d12861c43cee02
  shared_preferences_ios: 548a61f8053b9b8a49ac19c1ffbc8b92c50d68ad
  Toast: 91b396c56ee72a5790816f40d3a94dd357abc196
  touch_ripple_effect: 5b850cbec069237959ef95e7e81e7ee7f934ac76
  videosdk: a23c2981afcefd8ac781c7778d39669282441093
  WebRTC-SDK: e0589abeb63db07a4ca1f45c82ba0f1a72e61622

PODFILE CHECKSUM: 3dc5f977e7387d69d133563136ad5fb1231b0214

COCOAPODS: 1.11.3
